// !$*UTF8*$!
{
	archiveVersion = 1;
	classes = {
	};
	objectVersion = 50;
	objects = {

/* Begin PBXBuildFile section */
		4618709622938A9E008A2CD7 /* AppDelegate.swift in Sources */ = {isa = PBXBuildFile; fileRef = 4618709522938A9E008A2CD7 /* AppDelegate.swift */; };
		4618709D22938A9F008A2CD7 /* Assets.xcassets in Resources */ = {isa = PBXBuildFile; fileRef = 4618709C22938A9F008A2CD7 /* Assets.xcassets */; };
		461870A022938A9F008A2CD7 /* LaunchScreen.storyboard in Resources */ = {isa = PBXBuildFile; fileRef = 4618709E22938A9F008A2CD7 /* LaunchScreen.storyboard */; };
		4626BA92229CCA8700505854 /* BroadcastTitleView.swift in Sources */ = {isa = PBXBuildFile; fileRef = 4626BA91229CCA8700505854 /* BroadcastTitleView.swift */; };
		4626BA94229CD4CC00505854 /* LikesLeftView.swift in Sources */ = {isa = PBXBuildFile; fileRef = 4626BA93229CD4CC00505854 /* LikesLeftView.swift */; };
		4626BA96229CFF4C00505854 /* Date.swift in Sources */ = {isa = PBXBuildFile; fileRef = 4626BA95229CFF4C00505854 /* Date.swift */; };
		4626BA98229CFFCD00505854 /* Time.swift in Sources */ = {isa = PBXBuildFile; fileRef = 4626BA97229CFFCD00505854 /* Time.swift */; };
		4626BA9A229D030700505854 /* StreamerView.swift in Sources */ = {isa = PBXBuildFile; fileRef = 4626BA99229D030700505854 /* StreamerView.swift */; };
		4626BA9C229DA1AC00505854 /* IconTextButton.swift in Sources */ = {isa = PBXBuildFile; fileRef = 4626BA9B229DA1AC00505854 /* IconTextButton.swift */; };
		4626BA9E229DB66B00505854 /* Int.swift in Sources */ = {isa = PBXBuildFile; fileRef = 4626BA9D229DB66B00505854 /* Int.swift */; };
		4626BAA0229DBBD800505854 /* UserDefaults.swift in Sources */ = {isa = PBXBuildFile; fileRef = 4626BA9F229DBBD800505854 /* UserDefaults.swift */; };
		4626BAA3229DC3A600505854 /* ads.json in Resources */ = {isa = PBXBuildFile; fileRef = 4626BAA1229DC3A600505854 /* ads.json */; };
		4626BAA8229DDB4700505854 /* String.swift in Sources */ = {isa = PBXBuildFile; fileRef = 4626BAA7229DDB4700505854 /* String.swift */; };
		4626BAAD229DDCF900505854 /* ChatRouter.swift in Sources */ = {isa = PBXBuildFile; fileRef = 4626BAA9229DDCF900505854 /* ChatRouter.swift */; };
		4626BAAE229DDCF900505854 /* ChatViewController.swift in Sources */ = {isa = PBXBuildFile; fileRef = 4626BAAA229DDCF900505854 /* ChatViewController.swift */; };
		4626BAAF229DDCF900505854 /* ChatBuilder.swift in Sources */ = {isa = PBXBuildFile; fileRef = 4626BAAB229DDCF900505854 /* ChatBuilder.swift */; };
		4626BAB0229DDCF900505854 /* ChatInteractor.swift in Sources */ = {isa = PBXBuildFile; fileRef = 4626BAAC229DDCF900505854 /* ChatInteractor.swift */; };
		4626BAB7229E0EB000505854 /* comments.json in Resources */ = {isa = PBXBuildFile; fileRef = 4626BAB6229E0EB000505854 /* comments.json */; };
		4626BAB9229E0EC300505854 /* Comment.swift in Sources */ = {isa = PBXBuildFile; fileRef = 4626BAB8229E0EC300505854 /* Comment.swift */; };
		4626BABA229E0ED800505854 /* CommentsDataService.swift in Sources */ = {isa = PBXBuildFile; fileRef = 4626BAB1229DF35200505854 /* CommentsDataService.swift */; };
		4626BABB229E0EEC00505854 /* CommentCollectionViewCell.swift in Sources */ = {isa = PBXBuildFile; fileRef = 4626BAB4229E05E700505854 /* CommentCollectionViewCell.swift */; };
		4626BABD229E261B00505854 /* NSAttributedString.swift in Sources */ = {isa = PBXBuildFile; fileRef = 4626BABC229E261B00505854 /* NSAttributedString.swift */; };
		4626BAC0229EB27200505854 /* LikeButton.swift in Sources */ = {isa = PBXBuildFile; fileRef = 4626BABF229EB27200505854 /* LikeButton.swift */; };
		4626BAC2229ED1C200505854 /* Pulsing.swift in Sources */ = {isa = PBXBuildFile; fileRef = 4626BAC1229ED1C200505854 /* Pulsing.swift */; };
		4626BAC5229EDD0800505854 /* Liking.swift in Sources */ = {isa = PBXBuildFile; fileRef = 4626BAC4229EDD0800505854 /* Liking.swift */; };
		4626BAC8229EF3A200505854 /* Notification.swift in Sources */ = {isa = PBXBuildFile; fileRef = 4626BAC7229EF3A200505854 /* Notification.swift */; };
		4667D0522293BA8300B67877 /* RootRouter.swift in Sources */ = {isa = PBXBuildFile; fileRef = 4667D04E2293BA8300B67877 /* RootRouter.swift */; };
		4667D0532293BA8300B67877 /* RootViewController.swift in Sources */ = {isa = PBXBuildFile; fileRef = 4667D04F2293BA8300B67877 /* RootViewController.swift */; };
		4667D0542293BA8300B67877 /* RootBuilder.swift in Sources */ = {isa = PBXBuildFile; fileRef = 4667D0502293BA8300B67877 /* RootBuilder.swift */; };
		4667D0552293BA8300B67877 /* RootInteractor.swift in Sources */ = {isa = PBXBuildFile; fileRef = 4667D0512293BA8300B67877 /* RootInteractor.swift */; };
		4667D0572293BAB700B67877 /* AppComponent.swift in Sources */ = {isa = PBXBuildFile; fileRef = 4667D0562293BAB700B67877 /* AppComponent.swift */; };
		4667D05A2293BC1E00B67877 /* UIColor.swift in Sources */ = {isa = PBXBuildFile; fileRef = 4667D0592293BC1E00B67877 /* UIColor.swift */; };
		4667D05F2293BD8A00B67877 /* TabBarRouter.swift in Sources */ = {isa = PBXBuildFile; fileRef = 4667D05B2293BD8A00B67877 /* TabBarRouter.swift */; };
		4667D0602293BD8A00B67877 /* TabBarViewController.swift in Sources */ = {isa = PBXBuildFile; fileRef = 4667D05C2293BD8A00B67877 /* TabBarViewController.swift */; };
		4667D0612293BD8A00B67877 /* TabBarBuilder.swift in Sources */ = {isa = PBXBuildFile; fileRef = 4667D05D2293BD8A00B67877 /* TabBarBuilder.swift */; };
		4667D0622293BD8A00B67877 /* TabBarInteractor.swift in Sources */ = {isa = PBXBuildFile; fileRef = 4667D05E2293BD8A00B67877 /* TabBarInteractor.swift */; };
		466C7294229959F900F3CC8A /* StreamRouter.swift in Sources */ = {isa = PBXBuildFile; fileRef = 466C7290229959F900F3CC8A /* StreamRouter.swift */; };
		466C7295229959F900F3CC8A /* StreamViewController.swift in Sources */ = {isa = PBXBuildFile; fileRef = 466C7291229959F900F3CC8A /* StreamViewController.swift */; };
		466C7296229959F900F3CC8A /* StreamBuilder.swift in Sources */ = {isa = PBXBuildFile; fileRef = 466C7292229959F900F3CC8A /* StreamBuilder.swift */; };
		466C7297229959F900F3CC8A /* StreamInteractor.swift in Sources */ = {isa = PBXBuildFile; fileRef = 466C7293229959F900F3CC8A /* StreamInteractor.swift */; };
		466C729C22995A2300F3CC8A /* BroadcastRouter.swift in Sources */ = {isa = PBXBuildFile; fileRef = 466C729822995A2300F3CC8A /* BroadcastRouter.swift */; };
		466C729D22995A2300F3CC8A /* BroadcastViewController.swift in Sources */ = {isa = PBXBuildFile; fileRef = 466C729922995A2300F3CC8A /* BroadcastViewController.swift */; };
		466C729E22995A2300F3CC8A /* BroadcastBuilder.swift in Sources */ = {isa = PBXBuildFile; fileRef = 466C729A22995A2300F3CC8A /* BroadcastBuilder.swift */; };
		466C729F22995A2300F3CC8A /* BroadcastInteractor.swift in Sources */ = {isa = PBXBuildFile; fileRef = 466C729B22995A2300F3CC8A /* BroadcastInteractor.swift */; };
		466C72A422995A4D00F3CC8A /* SuggestionsRouter.swift in Sources */ = {isa = PBXBuildFile; fileRef = 466C72A022995A4D00F3CC8A /* SuggestionsRouter.swift */; };
		466C72A522995A4D00F3CC8A /* SuggestionsViewController.swift in Sources */ = {isa = PBXBuildFile; fileRef = 466C72A122995A4D00F3CC8A /* SuggestionsViewController.swift */; };
		466C72A622995A4D00F3CC8A /* SuggestionsBuilder.swift in Sources */ = {isa = PBXBuildFile; fileRef = 466C72A222995A4D00F3CC8A /* SuggestionsBuilder.swift */; };
		466C72A722995A4D00F3CC8A /* SuggestionsInteractor.swift in Sources */ = {isa = PBXBuildFile; fileRef = 466C72A322995A4D00F3CC8A /* SuggestionsInteractor.swift */; };
		466C72AA229971EB00F3CC8A /* SuggestionsCollectionViewCell.swift in Sources */ = {isa = PBXBuildFile; fileRef = 466C72A9229971EB00F3CC8A /* SuggestionsCollectionViewCell.swift */; };
		466C72AC229972FB00F3CC8A /* Suggestion.swift in Sources */ = {isa = PBXBuildFile; fileRef = 466C72AB229972FB00F3CC8A /* Suggestion.swift */; };
		466C72AE2299753C00F3CC8A /* BroadcastsDataService.swift in Sources */ = {isa = PBXBuildFile; fileRef = 466C72AD2299753C00F3CC8A /* BroadcastsDataService.swift */; };
		466C72B02299A40800F3CC8A /* View.xib in Resources */ = {isa = PBXBuildFile; fileRef = 466C72AF2299A40800F3CC8A /* View.xib */; };
		466C72B22299D86600F3CC8A /* UILabel.swift in Sources */ = {isa = PBXBuildFile; fileRef = 466C72B12299D86600F3CC8A /* UILabel.swift */; };
		466C72B7229A51B100F3CC8A /* PlayerRouter.swift in Sources */ = {isa = PBXBuildFile; fileRef = 466C72B3229A51B100F3CC8A /* PlayerRouter.swift */; };
		466C72B8229A51B100F3CC8A /* PlayerViewController.swift in Sources */ = {isa = PBXBuildFile; fileRef = 466C72B4229A51B100F3CC8A /* PlayerViewController.swift */; };
		466C72B9229A51B100F3CC8A /* PlayerBuilder.swift in Sources */ = {isa = PBXBuildFile; fileRef = 466C72B5229A51B100F3CC8A /* PlayerBuilder.swift */; };
		466C72BA229A51B100F3CC8A /* PlayerInteractor.swift in Sources */ = {isa = PBXBuildFile; fileRef = 466C72B6229A51B100F3CC8A /* PlayerInteractor.swift */; };
		466C72BF229B7FF600F3CC8A /* broadcasts.json in Resources */ = {isa = PBXBuildFile; fileRef = 466C72BE229B7FF600F3CC8A /* broadcasts.json */; };
		466C72C1229C563000F3CC8A /* Broadcast.swift in Sources */ = {isa = PBXBuildFile; fileRef = 466C72C0229C563000F3CC8A /* Broadcast.swift */; };
		466C72C3229C563A00F3CC8A /* Stream.swift in Sources */ = {isa = PBXBuildFile; fileRef = 466C72C2229C563A00F3CC8A /* Stream.swift */; };
		466C72C5229C564400F3CC8A /* Streamer.swift in Sources */ = {isa = PBXBuildFile; fileRef = 466C72C4229C564400F3CC8A /* Streamer.swift */; };
		466C72C8229C70FB00F3CC8A /* ImageService.swift in Sources */ = {isa = PBXBuildFile; fileRef = 466C72C7229C70FB00F3CC8A /* ImageService.swift */; };
		4680D9412295B4420064C026 /* StreamTabBar.swift in Sources */ = {isa = PBXBuildFile; fileRef = 4680D9402295B4420064C026 /* StreamTabBar.swift */; };
		4680D9452295B4D20064C026 /* TabBarChildViewController.swift in Sources */ = {isa = PBXBuildFile; fileRef = 4680D9442295B4D20064C026 /* TabBarChildViewController.swift */; };
		A232B5E37CB3FDAE79596DA1 /* Pods_StreamTest.framework in Frameworks */ = {isa = PBXBuildFile; fileRef = DD81F241A008F698152A1A94 /* Pods_StreamTest.framework */; };
/* End PBXBuildFile section */

/* Begin PBXFileReference section */
		0D2BCE272480A7F77D679D3D /* Pods-StreamTest.debug.xcconfig */ = {isa = PBXFileReference; includeInIndex = 1; lastKnownFileType = text.xcconfig; name = "Pods-StreamTest.debug.xcconfig"; path = "Target Support Files/Pods-StreamTest/Pods-StreamTest.debug.xcconfig"; sourceTree = "<group>"; };
		4618709222938A9E008A2CD7 /* StreamTest.app */ = {isa = PBXFileReference; explicitFileType = wrapper.application; includeInIndex = 0; path = StreamTest.app; sourceTree = BUILT_PRODUCTS_DIR; };
		4618709522938A9E008A2CD7 /* AppDelegate.swift */ = {isa = PBXFileReference; lastKnownFileType = sourcecode.swift; path = AppDelegate.swift; sourceTree = "<group>"; };
		4618709C22938A9F008A2CD7 /* Assets.xcassets */ = {isa = PBXFileReference; lastKnownFileType = folder.assetcatalog; path = Assets.xcassets; sourceTree = "<group>"; };
		4618709F22938A9F008A2CD7 /* Base */ = {isa = PBXFileReference; lastKnownFileType = file.storyboard; name = Base; path = Base.lproj/LaunchScreen.storyboard; sourceTree = "<group>"; };
		461870A122938A9F008A2CD7 /* Info.plist */ = {isa = PBXFileReference; lastKnownFileType = text.plist.xml; path = Info.plist; sourceTree = "<group>"; };
		4626BA91229CCA8700505854 /* BroadcastTitleView.swift */ = {isa = PBXFileReference; lastKnownFileType = sourcecode.swift; path = BroadcastTitleView.swift; sourceTree = "<group>"; };
		4626BA93229CD4CC00505854 /* LikesLeftView.swift */ = {isa = PBXFileReference; lastKnownFileType = sourcecode.swift; path = LikesLeftView.swift; sourceTree = "<group>"; };
		4626BA95229CFF4C00505854 /* Date.swift */ = {isa = PBXFileReference; lastKnownFileType = sourcecode.swift; path = Date.swift; sourceTree = "<group>"; };
		4626BA97229CFFCD00505854 /* Time.swift */ = {isa = PBXFileReference; lastKnownFileType = sourcecode.swift; path = Time.swift; sourceTree = "<group>"; };
		4626BA99229D030700505854 /* StreamerView.swift */ = {isa = PBXFileReference; lastKnownFileType = sourcecode.swift; path = StreamerView.swift; sourceTree = "<group>"; };
		4626BA9B229DA1AC00505854 /* IconTextButton.swift */ = {isa = PBXFileReference; lastKnownFileType = sourcecode.swift; path = IconTextButton.swift; sourceTree = "<group>"; };
		4626BA9D229DB66B00505854 /* Int.swift */ = {isa = PBXFileReference; lastKnownFileType = sourcecode.swift; path = Int.swift; sourceTree = "<group>"; };
		4626BA9F229DBBD800505854 /* UserDefaults.swift */ = {isa = PBXFileReference; lastKnownFileType = sourcecode.swift; path = UserDefaults.swift; sourceTree = "<group>"; };
		4626BAA1229DC3A600505854 /* ads.json */ = {isa = PBXFileReference; fileEncoding = 4; lastKnownFileType = text.json; path = ads.json; sourceTree = "<group>"; };
		4626BAA7229DDB4700505854 /* String.swift */ = {isa = PBXFileReference; lastKnownFileType = sourcecode.swift; path = String.swift; sourceTree = "<group>"; };
		4626BAA9229DDCF900505854 /* ChatRouter.swift */ = {isa = PBXFileReference; lastKnownFileType = sourcecode.swift; path = ChatRouter.swift; sourceTree = "<group>"; };
		4626BAAA229DDCF900505854 /* ChatViewController.swift */ = {isa = PBXFileReference; lastKnownFileType = sourcecode.swift; path = ChatViewController.swift; sourceTree = "<group>"; };
		4626BAAB229DDCF900505854 /* ChatBuilder.swift */ = {isa = PBXFileReference; lastKnownFileType = sourcecode.swift; path = ChatBuilder.swift; sourceTree = "<group>"; };
		4626BAAC229DDCF900505854 /* ChatInteractor.swift */ = {isa = PBXFileReference; lastKnownFileType = sourcecode.swift; path = ChatInteractor.swift; sourceTree = "<group>"; };
		4626BAB1229DF35200505854 /* CommentsDataService.swift */ = {isa = PBXFileReference; lastKnownFileType = sourcecode.swift; path = CommentsDataService.swift; sourceTree = "<group>"; };
		4626BAB4229E05E700505854 /* CommentCollectionViewCell.swift */ = {isa = PBXFileReference; lastKnownFileType = sourcecode.swift; path = CommentCollectionViewCell.swift; sourceTree = "<group>"; };
		4626BAB6229E0EB000505854 /* comments.json */ = {isa = PBXFileReference; fileEncoding = 4; lastKnownFileType = text.json; path = comments.json; sourceTree = "<group>"; };
		4626BAB8229E0EC300505854 /* Comment.swift */ = {isa = PBXFileReference; fileEncoding = 4; lastKnownFileType = sourcecode.swift; path = Comment.swift; sourceTree = "<group>"; };
		4626BABC229E261B00505854 /* NSAttributedString.swift */ = {isa = PBXFileReference; lastKnownFileType = sourcecode.swift; path = NSAttributedString.swift; sourceTree = "<group>"; };
		4626BABF229EB27200505854 /* LikeButton.swift */ = {isa = PBXFileReference; lastKnownFileType = sourcecode.swift; path = LikeButton.swift; sourceTree = "<group>"; };
		4626BAC1229ED1C200505854 /* Pulsing.swift */ = {isa = PBXFileReference; lastKnownFileType = sourcecode.swift; path = Pulsing.swift; sourceTree = "<group>"; };
		4626BAC4229EDD0800505854 /* Liking.swift */ = {isa = PBXFileReference; lastKnownFileType = sourcecode.swift; path = Liking.swift; sourceTree = "<group>"; };
		4626BAC7229EF3A200505854 /* Notification.swift */ = {isa = PBXFileReference; lastKnownFileType = sourcecode.swift; path = Notification.swift; sourceTree = "<group>"; };
		4667D04E2293BA8300B67877 /* RootRouter.swift */ = {isa = PBXFileReference; lastKnownFileType = sourcecode.swift; path = RootRouter.swift; sourceTree = "<group>"; };
		4667D04F2293BA8300B67877 /* RootViewController.swift */ = {isa = PBXFileReference; lastKnownFileType = sourcecode.swift; path = RootViewController.swift; sourceTree = "<group>"; };
		4667D0502293BA8300B67877 /* RootBuilder.swift */ = {isa = PBXFileReference; lastKnownFileType = sourcecode.swift; path = RootBuilder.swift; sourceTree = "<group>"; };
		4667D0512293BA8300B67877 /* RootInteractor.swift */ = {isa = PBXFileReference; lastKnownFileType = sourcecode.swift; path = RootInteractor.swift; sourceTree = "<group>"; };
		4667D0562293BAB700B67877 /* AppComponent.swift */ = {isa = PBXFileReference; lastKnownFileType = sourcecode.swift; path = AppComponent.swift; sourceTree = "<group>"; };
		4667D0592293BC1E00B67877 /* UIColor.swift */ = {isa = PBXFileReference; lastKnownFileType = sourcecode.swift; path = UIColor.swift; sourceTree = "<group>"; };
		4667D05B2293BD8A00B67877 /* TabBarRouter.swift */ = {isa = PBXFileReference; lastKnownFileType = sourcecode.swift; path = TabBarRouter.swift; sourceTree = "<group>"; };
		4667D05C2293BD8A00B67877 /* TabBarViewController.swift */ = {isa = PBXFileReference; lastKnownFileType = sourcecode.swift; path = TabBarViewController.swift; sourceTree = "<group>"; };
		4667D05D2293BD8A00B67877 /* TabBarBuilder.swift */ = {isa = PBXFileReference; lastKnownFileType = sourcecode.swift; path = TabBarBuilder.swift; sourceTree = "<group>"; };
		4667D05E2293BD8A00B67877 /* TabBarInteractor.swift */ = {isa = PBXFileReference; lastKnownFileType = sourcecode.swift; path = TabBarInteractor.swift; sourceTree = "<group>"; };
		466C7290229959F900F3CC8A /* StreamRouter.swift */ = {isa = PBXFileReference; lastKnownFileType = sourcecode.swift; path = StreamRouter.swift; sourceTree = "<group>"; };
		466C7291229959F900F3CC8A /* StreamViewController.swift */ = {isa = PBXFileReference; lastKnownFileType = sourcecode.swift; path = StreamViewController.swift; sourceTree = "<group>"; };
		466C7292229959F900F3CC8A /* StreamBuilder.swift */ = {isa = PBXFileReference; lastKnownFileType = sourcecode.swift; path = StreamBuilder.swift; sourceTree = "<group>"; };
		466C7293229959F900F3CC8A /* StreamInteractor.swift */ = {isa = PBXFileReference; lastKnownFileType = sourcecode.swift; path = StreamInteractor.swift; sourceTree = "<group>"; };
		466C729822995A2300F3CC8A /* BroadcastRouter.swift */ = {isa = PBXFileReference; lastKnownFileType = sourcecode.swift; path = BroadcastRouter.swift; sourceTree = "<group>"; };
		466C729922995A2300F3CC8A /* BroadcastViewController.swift */ = {isa = PBXFileReference; lastKnownFileType = sourcecode.swift; path = BroadcastViewController.swift; sourceTree = "<group>"; };
		466C729A22995A2300F3CC8A /* BroadcastBuilder.swift */ = {isa = PBXFileReference; lastKnownFileType = sourcecode.swift; path = BroadcastBuilder.swift; sourceTree = "<group>"; };
		466C729B22995A2300F3CC8A /* BroadcastInteractor.swift */ = {isa = PBXFileReference; lastKnownFileType = sourcecode.swift; path = BroadcastInteractor.swift; sourceTree = "<group>"; };
		466C72A022995A4D00F3CC8A /* SuggestionsRouter.swift */ = {isa = PBXFileReference; lastKnownFileType = sourcecode.swift; path = SuggestionsRouter.swift; sourceTree = "<group>"; };
		466C72A122995A4D00F3CC8A /* SuggestionsViewController.swift */ = {isa = PBXFileReference; lastKnownFileType = sourcecode.swift; path = SuggestionsViewController.swift; sourceTree = "<group>"; };
		466C72A222995A4D00F3CC8A /* SuggestionsBuilder.swift */ = {isa = PBXFileReference; lastKnownFileType = sourcecode.swift; path = SuggestionsBuilder.swift; sourceTree = "<group>"; };
		466C72A322995A4D00F3CC8A /* SuggestionsInteractor.swift */ = {isa = PBXFileReference; lastKnownFileType = sourcecode.swift; path = SuggestionsInteractor.swift; sourceTree = "<group>"; };
		466C72A9229971EB00F3CC8A /* SuggestionsCollectionViewCell.swift */ = {isa = PBXFileReference; lastKnownFileType = sourcecode.swift; path = SuggestionsCollectionViewCell.swift; sourceTree = "<group>"; };
		466C72AB229972FB00F3CC8A /* Suggestion.swift */ = {isa = PBXFileReference; lastKnownFileType = sourcecode.swift; path = Suggestion.swift; sourceTree = "<group>"; };
		466C72AD2299753C00F3CC8A /* BroadcastsDataService.swift */ = {isa = PBXFileReference; lastKnownFileType = sourcecode.swift; path = BroadcastsDataService.swift; sourceTree = "<group>"; };
		466C72AF2299A40800F3CC8A /* View.xib */ = {isa = PBXFileReference; lastKnownFileType = file.xib; path = View.xib; sourceTree = "<group>"; };
		466C72B12299D86600F3CC8A /* UILabel.swift */ = {isa = PBXFileReference; lastKnownFileType = sourcecode.swift; path = UILabel.swift; sourceTree = "<group>"; };
		466C72B3229A51B100F3CC8A /* PlayerRouter.swift */ = {isa = PBXFileReference; lastKnownFileType = sourcecode.swift; path = PlayerRouter.swift; sourceTree = "<group>"; };
		466C72B4229A51B100F3CC8A /* PlayerViewController.swift */ = {isa = PBXFileReference; lastKnownFileType = sourcecode.swift; path = PlayerViewController.swift; sourceTree = "<group>"; };
		466C72B5229A51B100F3CC8A /* PlayerBuilder.swift */ = {isa = PBXFileReference; lastKnownFileType = sourcecode.swift; path = PlayerBuilder.swift; sourceTree = "<group>"; };
		466C72B6229A51B100F3CC8A /* PlayerInteractor.swift */ = {isa = PBXFileReference; lastKnownFileType = sourcecode.swift; path = PlayerInteractor.swift; sourceTree = "<group>"; };
		466C72BE229B7FF600F3CC8A /* broadcasts.json */ = {isa = PBXFileReference; fileEncoding = 4; lastKnownFileType = text.json; path = broadcasts.json; sourceTree = "<group>"; };
		466C72C0229C563000F3CC8A /* Broadcast.swift */ = {isa = PBXFileReference; lastKnownFileType = sourcecode.swift; path = Broadcast.swift; sourceTree = "<group>"; };
		466C72C2229C563A00F3CC8A /* Stream.swift */ = {isa = PBXFileReference; lastKnownFileType = sourcecode.swift; path = Stream.swift; sourceTree = "<group>"; };
		466C72C4229C564400F3CC8A /* Streamer.swift */ = {isa = PBXFileReference; lastKnownFileType = sourcecode.swift; path = Streamer.swift; sourceTree = "<group>"; };
		466C72C7229C70FB00F3CC8A /* ImageService.swift */ = {isa = PBXFileReference; lastKnownFileType = sourcecode.swift; path = ImageService.swift; sourceTree = "<group>"; };
		4680D9402295B4420064C026 /* StreamTabBar.swift */ = {isa = PBXFileReference; lastKnownFileType = sourcecode.swift; path = StreamTabBar.swift; sourceTree = "<group>"; };
		4680D9442295B4D20064C026 /* TabBarChildViewController.swift */ = {isa = PBXFileReference; lastKnownFileType = sourcecode.swift; path = TabBarChildViewController.swift; sourceTree = "<group>"; };
		DD81F241A008F698152A1A94 /* Pods_StreamTest.framework */ = {isa = PBXFileReference; explicitFileType = wrapper.framework; includeInIndex = 0; path = Pods_StreamTest.framework; sourceTree = BUILT_PRODUCTS_DIR; };
		FEC35FA1CA54596746EE68FD /* Pods-StreamTest.release.xcconfig */ = {isa = PBXFileReference; includeInIndex = 1; lastKnownFileType = text.xcconfig; name = "Pods-StreamTest.release.xcconfig"; path = "Target Support Files/Pods-StreamTest/Pods-StreamTest.release.xcconfig"; sourceTree = "<group>"; };
/* End PBXFileReference section */

/* Begin PBXFrameworksBuildPhase section */
		4618708F22938A9E008A2CD7 /* Frameworks */ = {
			isa = PBXFrameworksBuildPhase;
			buildActionMask = 2147483647;
			files = (
				A232B5E37CB3FDAE79596DA1 /* Pods_StreamTest.framework in Frameworks */,
			);
			runOnlyForDeploymentPostprocessing = 0;
		};
/* End PBXFrameworksBuildPhase section */

/* Begin PBXGroup section */
		4618708922938A9E008A2CD7 = {
			isa = PBXGroup;
			children = (
				4618709422938A9E008A2CD7 /* StreamTest */,
				4618709322938A9E008A2CD7 /* Products */,
				CE862ACB339BB3A11D0AE2A9 /* Pods */,
				5E78D24717ACDA7818F86251 /* Frameworks */,
			);
			sourceTree = "<group>";
		};
		4618709322938A9E008A2CD7 /* Products */ = {
			isa = PBXGroup;
			children = (
				4618709222938A9E008A2CD7 /* StreamTest.app */,
			);
			name = Products;
			sourceTree = "<group>";
		};
		4618709422938A9E008A2CD7 /* StreamTest */ = {
			isa = PBXGroup;
			children = (
				4618709C22938A9F008A2CD7 /* Assets.xcassets */,
				4618709E22938A9F008A2CD7 /* LaunchScreen.storyboard */,
				461870A122938A9F008A2CD7 /* Info.plist */,
				4667D0632293C1B400B67877 /* AppStart */,
				4667D03F22939BE900B67877 /* Helpers */,
				4667D0642293C1C800B67877 /* Resources */,
				4667D04022939BF600B67877 /* Root */,
				466C72AF2299A40800F3CC8A /* View.xib */,
			);
			path = StreamTest;
			sourceTree = "<group>";
		};
		4626BA90229CCA6500505854 /* Subviews */ = {
			isa = PBXGroup;
			children = (
				4626BA91229CCA8700505854 /* BroadcastTitleView.swift */,
				4626BA93229CD4CC00505854 /* LikesLeftView.swift */,
				4626BA99229D030700505854 /* StreamerView.swift */,
			);
			path = Subviews;
			sourceTree = "<group>";
		};
		4626BAB3229E05BC00505854 /* Subviews */ = {
			isa = PBXGroup;
			children = (
				4626BAB4229E05E700505854 /* CommentCollectionViewCell.swift */,
			);
			path = Subviews;
			sourceTree = "<group>";
		};
		4626BAC3229ED96000505854 /* Animations */ = {
			isa = PBXGroup;
			children = (
				4626BAC1229ED1C200505854 /* Pulsing.swift */,
				4626BAC4229EDD0800505854 /* Liking.swift */,
			);
			path = Animations;
			sourceTree = "<group>";
		};
		4626BAC9229EF8F600505854 /* Notifications */ = {
			isa = PBXGroup;
			children = (
			);
			path = Notifications;
			sourceTree = "<group>";
		};
		4667D03F22939BE900B67877 /* Helpers */ = {
			isa = PBXGroup;
			children = (
				4626BAC3229ED96000505854 /* Animations */,
				4680D9432295B4B80064C026 /* Components */,
				466C72BD229B7FE600F3CC8A /* Data */,
				4667D0582293BC0E00B67877 /* Extensions */,
				4680D9422295B4AD0064C026 /* Models */,
			);
			path = Helpers;
			sourceTree = "<group>";
		};
		4667D04022939BF600B67877 /* Root */ = {
			isa = PBXGroup;
			children = (
				4667D04E2293BA8300B67877 /* RootRouter.swift */,
				4667D04F2293BA8300B67877 /* RootViewController.swift */,
				4667D0502293BA8300B67877 /* RootBuilder.swift */,
				4667D0512293BA8300B67877 /* RootInteractor.swift */,
				4667D04122939BFA00B67877 /* TabBar */,
			);
			path = Root;
			sourceTree = "<group>";
		};
		4667D04122939BFA00B67877 /* TabBar */ = {
			isa = PBXGroup;
			children = (
				4667D05B2293BD8A00B67877 /* TabBarRouter.swift */,
				4667D05C2293BD8A00B67877 /* TabBarViewController.swift */,
				4667D05D2293BD8A00B67877 /* TabBarBuilder.swift */,
				4667D05E2293BD8A00B67877 /* TabBarInteractor.swift */,
				4680D93F2295B4190064C026 /* Subviews */,
				4626BAC9229EF8F600505854 /* Notifications */,
				4667D0452293B9A500B67877 /* Profile */,
				4667D0432293B98700B67877 /* Search */,
				4667D04222939C0C00B67877 /* Stream */,
			);
			path = TabBar;
			sourceTree = "<group>";
		};
		4667D04222939C0C00B67877 /* Stream */ = {
			isa = PBXGroup;
			children = (
				466C7290229959F900F3CC8A /* StreamRouter.swift */,
				466C7291229959F900F3CC8A /* StreamViewController.swift */,
				466C7292229959F900F3CC8A /* StreamBuilder.swift */,
				466C7293229959F900F3CC8A /* StreamInteractor.swift */,
				4667D0472293BA1D00B67877 /* Broadcast */,
				4667D0462293BA0800B67877 /* Suggestions */,
			);
			path = Stream;
			sourceTree = "<group>";
		};
		4667D0432293B98700B67877 /* Search */ = {
			isa = PBXGroup;
			children = (
			);
			path = Search;
			sourceTree = "<group>";
		};
		4667D0452293B9A500B67877 /* Profile */ = {
			isa = PBXGroup;
			children = (
			);
			path = Profile;
			sourceTree = "<group>";
		};
		4667D0462293BA0800B67877 /* Suggestions */ = {
			isa = PBXGroup;
			children = (
				466C72A022995A4D00F3CC8A /* SuggestionsRouter.swift */,
				466C72A122995A4D00F3CC8A /* SuggestionsViewController.swift */,
				466C72A222995A4D00F3CC8A /* SuggestionsBuilder.swift */,
				466C72A322995A4D00F3CC8A /* SuggestionsInteractor.swift */,
				466C72A8229971D000F3CC8A /* Subviews */,
			);
			path = Suggestions;
			sourceTree = "<group>";
		};
		4667D0472293BA1D00B67877 /* Broadcast */ = {
			isa = PBXGroup;
			children = (
				466C729822995A2300F3CC8A /* BroadcastRouter.swift */,
				466C729922995A2300F3CC8A /* BroadcastViewController.swift */,
				466C729A22995A2300F3CC8A /* BroadcastBuilder.swift */,
				466C729B22995A2300F3CC8A /* BroadcastInteractor.swift */,
				4626BA90229CCA6500505854 /* Subviews */,
				4667D04A2293BA3B00B67877 /* Ad */,
				4667D0492293BA3500B67877 /* Chat */,
				4667D0482293BA3000B67877 /* Player */,
				4667D04B2293BA3D00B67877 /* Social */,
			);
			path = Broadcast;
			sourceTree = "<group>";
		};
		4667D0482293BA3000B67877 /* Player */ = {
			isa = PBXGroup;
			children = (
				466C72B3229A51B100F3CC8A /* PlayerRouter.swift */,
				466C72B4229A51B100F3CC8A /* PlayerViewController.swift */,
				466C72B5229A51B100F3CC8A /* PlayerBuilder.swift */,
				466C72B6229A51B100F3CC8A /* PlayerInteractor.swift */,
			);
			path = Player;
			sourceTree = "<group>";
		};
		4667D0492293BA3500B67877 /* Chat */ = {
			isa = PBXGroup;
			children = (
				4626BAA9229DDCF900505854 /* ChatRouter.swift */,
				4626BAAA229DDCF900505854 /* ChatViewController.swift */,
				4626BAAB229DDCF900505854 /* ChatBuilder.swift */,
				4626BAAC229DDCF900505854 /* ChatInteractor.swift */,
				4626BAB3229E05BC00505854 /* Subviews */,
			);
			path = Chat;
			sourceTree = "<group>";
		};
		4667D04A2293BA3B00B67877 /* Ad */ = {
			isa = PBXGroup;
			children = (
			);
			path = Ad;
			sourceTree = "<group>";
		};
		4667D04B2293BA3D00B67877 /* Social */ = {
			isa = PBXGroup;
			children = (
			);
			path = Social;
			sourceTree = "<group>";
		};
		4667D0582293BC0E00B67877 /* Extensions */ = {
			isa = PBXGroup;
			children = (
				4626BA95229CFF4C00505854 /* Date.swift */,
				4626BA9D229DB66B00505854 /* Int.swift */,
				4626BAC7229EF3A200505854 /* Notification.swift */,
				4626BABC229E261B00505854 /* NSAttributedString.swift */,
				4626BAA7229DDB4700505854 /* String.swift */,
				4667D0592293BC1E00B67877 /* UIColor.swift */,
				466C72B12299D86600F3CC8A /* UILabel.swift */,
				4626BA9F229DBBD800505854 /* UserDefaults.swift */,
			);
			path = Extensions;
			sourceTree = "<group>";
		};
		4667D0632293C1B400B67877 /* AppStart */ = {
			isa = PBXGroup;
			children = (
				4667D0562293BAB700B67877 /* AppComponent.swift */,
				4618709522938A9E008A2CD7 /* AppDelegate.swift */,
			);
			path = AppStart;
			sourceTree = "<group>";
		};
		4667D0642293C1C800B67877 /* Resources */ = {
			isa = PBXGroup;
			children = (
			);
			path = Resources;
			sourceTree = "<group>";
		};
		466C72A8229971D000F3CC8A /* Subviews */ = {
			isa = PBXGroup;
			children = (
				466C72A9229971EB00F3CC8A /* SuggestionsCollectionViewCell.swift */,
			);
			path = Subviews;
			sourceTree = "<group>";
		};
		466C72BD229B7FE600F3CC8A /* Data */ = {
			isa = PBXGroup;
			children = (
				4626BAA1229DC3A600505854 /* ads.json */,
				466C72BE229B7FF600F3CC8A /* broadcasts.json */,
				4626BAB6229E0EB000505854 /* comments.json */,
				466C72C6229C70DA00F3CC8A /* Services */,
			);
			path = Data;
			sourceTree = "<group>";
		};
		466C72C6229C70DA00F3CC8A /* Services */ = {
			isa = PBXGroup;
			children = (
				466C72AD2299753C00F3CC8A /* BroadcastsDataService.swift */,
				4626BAB1229DF35200505854 /* CommentsDataService.swift */,
				466C72C7229C70FB00F3CC8A /* ImageService.swift */,
			);
			path = Services;
			sourceTree = "<group>";
		};
		4680D93F2295B4190064C026 /* Subviews */ = {
			isa = PBXGroup;
			children = (
				4680D9402295B4420064C026 /* StreamTabBar.swift */,
			);
			path = Subviews;
			sourceTree = "<group>";
		};
		4680D9422295B4AD0064C026 /* Models */ = {
			isa = PBXGroup;
			children = (
				466C72C0229C563000F3CC8A /* Broadcast.swift */,
				4626BAB8229E0EC300505854 /* Comment.swift */,
				466C72C2229C563A00F3CC8A /* Stream.swift */,
				466C72C4229C564400F3CC8A /* Streamer.swift */,
				466C72AB229972FB00F3CC8A /* Suggestion.swift */,
				4626BA97229CFFCD00505854 /* Time.swift */,
			);
			path = Models;
			sourceTree = "<group>";
		};
		4680D9432295B4B80064C026 /* Components */ = {
			isa = PBXGroup;
			children = (
				4680D9442295B4D20064C026 /* TabBarChildViewController.swift */,
				4626BA9B229DA1AC00505854 /* IconTextButton.swift */,
				4626BABF229EB27200505854 /* LikeButton.swift */,
			);
			path = Components;
			sourceTree = "<group>";
		};
		5E78D24717ACDA7818F86251 /* Frameworks */ = {
			isa = PBXGroup;
			children = (
				DD81F241A008F698152A1A94 /* Pods_StreamTest.framework */,
			);
			name = Frameworks;
			sourceTree = "<group>";
		};
		CE862ACB339BB3A11D0AE2A9 /* Pods */ = {
			isa = PBXGroup;
			children = (
				0D2BCE272480A7F77D679D3D /* Pods-StreamTest.debug.xcconfig */,
				FEC35FA1CA54596746EE68FD /* Pods-StreamTest.release.xcconfig */,
			);
			path = Pods;
			sourceTree = "<group>";
		};
/* End PBXGroup section */

/* Begin PBXNativeTarget section */
		4618709122938A9E008A2CD7 /* StreamTest */ = {
			isa = PBXNativeTarget;
			buildConfigurationList = 461870A422938A9F008A2CD7 /* Build configuration list for PBXNativeTarget "StreamTest" */;
			buildPhases = (
				71F59EDDC8E77B79D7092AA4 /* [CP] Check Pods Manifest.lock */,
				4618708E22938A9E008A2CD7 /* Sources */,
				4618708F22938A9E008A2CD7 /* Frameworks */,
				4618709022938A9E008A2CD7 /* Resources */,
				4EB3978B5081A219B29E8072 /* [CP] Embed Pods Frameworks */,
			);
			buildRules = (
			);
			dependencies = (
			);
			name = StreamTest;
			productName = StreamTest;
			productReference = 4618709222938A9E008A2CD7 /* StreamTest.app */;
			productType = "com.apple.product-type.application";
		};
/* End PBXNativeTarget section */

/* Begin PBXProject section */
		4618708A22938A9E008A2CD7 /* Project object */ = {
			isa = PBXProject;
			attributes = {
				LastSwiftUpdateCheck = 1020;
				LastUpgradeCheck = 1020;
				ORGANIZATIONNAME = Huerdo;
				TargetAttributes = {
					4618709122938A9E008A2CD7 = {
						CreatedOnToolsVersion = 10.2;
					};
				};
			};
			buildConfigurationList = 4618708D22938A9E008A2CD7 /* Build configuration list for PBXProject "StreamTest" */;
			compatibilityVersion = "Xcode 9.3";
			developmentRegion = en;
			hasScannedForEncodings = 0;
			knownRegions = (
				en,
				Base,
			);
			mainGroup = 4618708922938A9E008A2CD7;
			productRefGroup = 4618709322938A9E008A2CD7 /* Products */;
			projectDirPath = "";
			projectRoot = "";
			targets = (
				4618709122938A9E008A2CD7 /* StreamTest */,
			);
		};
/* End PBXProject section */

/* Begin PBXResourcesBuildPhase section */
		4618709022938A9E008A2CD7 /* Resources */ = {
			isa = PBXResourcesBuildPhase;
			buildActionMask = 2147483647;
			files = (
				466C72BF229B7FF600F3CC8A /* broadcasts.json in Resources */,
				461870A022938A9F008A2CD7 /* LaunchScreen.storyboard in Resources */,
				466C72B02299A40800F3CC8A /* View.xib in Resources */,
				4626BAA3229DC3A600505854 /* ads.json in Resources */,
				4618709D22938A9F008A2CD7 /* Assets.xcassets in Resources */,
				4626BAB7229E0EB000505854 /* comments.json in Resources */,
			);
			runOnlyForDeploymentPostprocessing = 0;
		};
/* End PBXResourcesBuildPhase section */

/* Begin PBXShellScriptBuildPhase section */
		4EB3978B5081A219B29E8072 /* [CP] Embed Pods Frameworks */ = {
			isa = PBXShellScriptBuildPhase;
			buildActionMask = 2147483647;
			files = (
			);
			inputFileListPaths = (
			);
			inputPaths = (
				"${PODS_ROOT}/Target Support Files/Pods-StreamTest/Pods-StreamTest-frameworks.sh",
				"${BUILT_PRODUCTS_DIR}/RIBs/RIBs.framework",
				"${BUILT_PRODUCTS_DIR}/RxSwift/RxSwift.framework",
			);
			name = "[CP] Embed Pods Frameworks";
			outputFileListPaths = (
			);
			outputPaths = (
				"${TARGET_BUILD_DIR}/${FRAMEWORKS_FOLDER_PATH}/RIBs.framework",
				"${TARGET_BUILD_DIR}/${FRAMEWORKS_FOLDER_PATH}/RxSwift.framework",
			);
			runOnlyForDeploymentPostprocessing = 0;
			shellPath = /bin/sh;
			shellScript = "\"${PODS_ROOT}/Target Support Files/Pods-StreamTest/Pods-StreamTest-frameworks.sh\"\n";
			showEnvVarsInLog = 0;
		};
		71F59EDDC8E77B79D7092AA4 /* [CP] Check Pods Manifest.lock */ = {
			isa = PBXShellScriptBuildPhase;
			buildActionMask = 2147483647;
			files = (
			);
			inputFileListPaths = (
			);
			inputPaths = (
				"${PODS_PODFILE_DIR_PATH}/Podfile.lock",
				"${PODS_ROOT}/Manifest.lock",
			);
			name = "[CP] Check Pods Manifest.lock";
			outputFileListPaths = (
			);
			outputPaths = (
				"$(DERIVED_FILE_DIR)/Pods-StreamTest-checkManifestLockResult.txt",
			);
			runOnlyForDeploymentPostprocessing = 0;
			shellPath = /bin/sh;
			shellScript = "diff \"${PODS_PODFILE_DIR_PATH}/Podfile.lock\" \"${PODS_ROOT}/Manifest.lock\" > /dev/null\nif [ $? != 0 ] ; then\n    # print error to STDERR\n    echo \"error: The sandbox is not in sync with the Podfile.lock. Run 'pod install' or update your CocoaPods installation.\" >&2\n    exit 1\nfi\n# This output is used by Xcode 'outputs' to avoid re-running this script phase.\necho \"SUCCESS\" > \"${SCRIPT_OUTPUT_FILE_0}\"\n";
			showEnvVarsInLog = 0;
		};
/* End PBXShellScriptBuildPhase section */

/* Begin PBXSourcesBuildPhase section */
		4618708E22938A9E008A2CD7 /* Sources */ = {
			isa = PBXSourcesBuildPhase;
			buildActionMask = 2147483647;
			files = (
				4667D0552293BA8300B67877 /* RootInteractor.swift in Sources */,
				466C7296229959F900F3CC8A /* StreamBuilder.swift in Sources */,
				466C72B9229A51B100F3CC8A /* PlayerBuilder.swift in Sources */,
				4626BAC0229EB27200505854 /* LikeButton.swift in Sources */,
				4626BAAE229DDCF900505854 /* ChatViewController.swift in Sources */,
				4667D0622293BD8A00B67877 /* TabBarInteractor.swift in Sources */,
				4626BAC5229EDD0800505854 /* Liking.swift in Sources */,
				4667D05A2293BC1E00B67877 /* UIColor.swift in Sources */,
				4626BA9C229DA1AC00505854 /* IconTextButton.swift in Sources */,
				4680D9412295B4420064C026 /* StreamTabBar.swift in Sources */,
				4626BA9E229DB66B00505854 /* Int.swift in Sources */,
				4626BABA229E0ED800505854 /* CommentsDataService.swift in Sources */,
				4626BABB229E0EEC00505854 /* CommentCollectionViewCell.swift in Sources */,
				4626BA94229CD4CC00505854 /* LikesLeftView.swift in Sources */,
				466C72B8229A51B100F3CC8A /* PlayerViewController.swift in Sources */,
				4626BABD229E261B00505854 /* NSAttributedString.swift in Sources */,
				466C72C1229C563000F3CC8A /* Broadcast.swift in Sources */,
				4626BAAD229DDCF900505854 /* ChatRouter.swift in Sources */,
				466C72AE2299753C00F3CC8A /* BroadcastsDataService.swift in Sources */,
				4667D05F2293BD8A00B67877 /* TabBarRouter.swift in Sources */,
				4626BA96229CFF4C00505854 /* Date.swift in Sources */,
				466C72A422995A4D00F3CC8A /* SuggestionsRouter.swift in Sources */,
				466C7297229959F900F3CC8A /* StreamInteractor.swift in Sources */,
				466C72AA229971EB00F3CC8A /* SuggestionsCollectionViewCell.swift in Sources */,
				4626BA9A229D030700505854 /* StreamerView.swift in Sources */,
				4626BAAF229DDCF900505854 /* ChatBuilder.swift in Sources */,
				466C7295229959F900F3CC8A /* StreamViewController.swift in Sources */,
				4626BAB9229E0EC300505854 /* Comment.swift in Sources */,
				466C72B7229A51B100F3CC8A /* PlayerRouter.swift in Sources */,
				4626BA98229CFFCD00505854 /* Time.swift in Sources */,
				466C72B22299D86600F3CC8A /* UILabel.swift in Sources */,
				466C729F22995A2300F3CC8A /* BroadcastInteractor.swift in Sources */,
				466C72A522995A4D00F3CC8A /* SuggestionsViewController.swift in Sources */,
				4680D9452295B4D20064C026 /* TabBarChildViewController.swift in Sources */,
				4626BA92229CCA8700505854 /* BroadcastTitleView.swift in Sources */,
				466C7294229959F900F3CC8A /* StreamRouter.swift in Sources */,
				466C72BA229A51B100F3CC8A /* PlayerInteractor.swift in Sources */,
				4667D0572293BAB700B67877 /* AppComponent.swift in Sources */,
				4667D0602293BD8A00B67877 /* TabBarViewController.swift in Sources */,
				4667D0522293BA8300B67877 /* RootRouter.swift in Sources */,
				466C729D22995A2300F3CC8A /* BroadcastViewController.swift in Sources */,
				4667D0542293BA8300B67877 /* RootBuilder.swift in Sources */,
				466C729E22995A2300F3CC8A /* BroadcastBuilder.swift in Sources */,
				4626BAC2229ED1C200505854 /* Pulsing.swift in Sources */,
				466C729C22995A2300F3CC8A /* BroadcastRouter.swift in Sources */,
				4626BAB0229DDCF900505854 /* ChatInteractor.swift in Sources */,
				466C72A722995A4D00F3CC8A /* SuggestionsInteractor.swift in Sources */,
				4667D0532293BA8300B67877 /* RootViewController.swift in Sources */,
				466C72AC229972FB00F3CC8A /* Suggestion.swift in Sources */,
				466C72A622995A4D00F3CC8A /* SuggestionsBuilder.swift in Sources */,
				4626BAC8229EF3A200505854 /* Notification.swift in Sources */,
				466C72C5229C564400F3CC8A /* Streamer.swift in Sources */,
				466C72C8229C70FB00F3CC8A /* ImageService.swift in Sources */,
				4626BAA0229DBBD800505854 /* UserDefaults.swift in Sources */,
				4618709622938A9E008A2CD7 /* AppDelegate.swift in Sources */,
				4667D0612293BD8A00B67877 /* TabBarBuilder.swift in Sources */,
				466C72C3229C563A00F3CC8A /* Stream.swift in Sources */,
				4626BAA8229DDB4700505854 /* String.swift in Sources */,
			);
			runOnlyForDeploymentPostprocessing = 0;
		};
/* End PBXSourcesBuildPhase section */

/* Begin PBXVariantGroup section */
		4618709E22938A9F008A2CD7 /* LaunchScreen.storyboard */ = {
			isa = PBXVariantGroup;
			children = (
				4618709F22938A9F008A2CD7 /* Base */,
			);
			name = LaunchScreen.storyboard;
			sourceTree = "<group>";
		};
/* End PBXVariantGroup section */

/* Begin XCBuildConfiguration section */
		461870A222938A9F008A2CD7 /* Debug */ = {
			isa = XCBuildConfiguration;
			buildSettings = {
				ALWAYS_SEARCH_USER_PATHS = NO;
				CLANG_ANALYZER_NONNULL = YES;
				CLANG_ANALYZER_NUMBER_OBJECT_CONVERSION = YES_AGGRESSIVE;
				CLANG_CXX_LANGUAGE_STANDARD = "gnu++14";
				CLANG_CXX_LIBRARY = "libc++";
				CLANG_ENABLE_MODULES = YES;
				CLANG_ENABLE_OBJC_ARC = YES;
				CLANG_ENABLE_OBJC_WEAK = YES;
				CLANG_WARN_BLOCK_CAPTURE_AUTORELEASING = YES;
				CLANG_WARN_BOOL_CONVERSION = YES;
				CLANG_WARN_COMMA = YES;
				CLANG_WARN_CONSTANT_CONVERSION = YES;
				CLANG_WARN_DEPRECATED_OBJC_IMPLEMENTATIONS = YES;
				CLANG_WARN_DIRECT_OBJC_ISA_USAGE = YES_ERROR;
				CLANG_WARN_DOCUMENTATION_COMMENTS = YES;
				CLANG_WARN_EMPTY_BODY = YES;
				CLANG_WARN_ENUM_CONVERSION = YES;
				CLANG_WARN_INFINITE_RECURSION = YES;
				CLANG_WARN_INT_CONVERSION = YES;
				CLANG_WARN_NON_LITERAL_NULL_CONVERSION = YES;
				CLANG_WARN_OBJC_IMPLICIT_RETAIN_SELF = YES;
				CLANG_WARN_OBJC_LITERAL_CONVERSION = YES;
				CLANG_WARN_OBJC_ROOT_CLASS = YES_ERROR;
				CLANG_WARN_RANGE_LOOP_ANALYSIS = YES;
				CLANG_WARN_STRICT_PROTOTYPES = YES;
				CLANG_WARN_SUSPICIOUS_MOVE = YES;
				CLANG_WARN_UNGUARDED_AVAILABILITY = YES_AGGRESSIVE;
				CLANG_WARN_UNREACHABLE_CODE = YES;
				CLANG_WARN__DUPLICATE_METHOD_MATCH = YES;
				CODE_SIGN_IDENTITY = "iPhone Developer";
				COPY_PHASE_STRIP = NO;
				DEBUG_INFORMATION_FORMAT = dwarf;
				ENABLE_STRICT_OBJC_MSGSEND = YES;
				ENABLE_TESTABILITY = YES;
				GCC_C_LANGUAGE_STANDARD = gnu11;
				GCC_DYNAMIC_NO_PIC = NO;
				GCC_NO_COMMON_BLOCKS = YES;
				GCC_OPTIMIZATION_LEVEL = 0;
				GCC_PREPROCESSOR_DEFINITIONS = (
					"DEBUG=1",
					"$(inherited)",
				);
				GCC_WARN_64_TO_32_BIT_CONVERSION = YES;
				GCC_WARN_ABOUT_RETURN_TYPE = YES_ERROR;
				GCC_WARN_UNDECLARED_SELECTOR = YES;
				GCC_WARN_UNINITIALIZED_AUTOS = YES_AGGRESSIVE;
				GCC_WARN_UNUSED_FUNCTION = YES;
				GCC_WARN_UNUSED_VARIABLE = YES;
				IPHONEOS_DEPLOYMENT_TARGET = 12.2;
				MTL_ENABLE_DEBUG_INFO = INCLUDE_SOURCE;
				MTL_FAST_MATH = YES;
				ONLY_ACTIVE_ARCH = YES;
				SDKROOT = iphoneos;
				SWIFT_ACTIVE_COMPILATION_CONDITIONS = DEBUG;
				SWIFT_OBJC_BRIDGING_HEADER = "";
				SWIFT_OPTIMIZATION_LEVEL = "-Onone";
			};
			name = Debug;
		};
		461870A322938A9F008A2CD7 /* Release */ = {
			isa = XCBuildConfiguration;
			buildSettings = {
				ALWAYS_SEARCH_USER_PATHS = NO;
				CLANG_ANALYZER_NONNULL = YES;
				CLANG_ANALYZER_NUMBER_OBJECT_CONVERSION = YES_AGGRESSIVE;
				CLANG_CXX_LANGUAGE_STANDARD = "gnu++14";
				CLANG_CXX_LIBRARY = "libc++";
				CLANG_ENABLE_MODULES = YES;
				CLANG_ENABLE_OBJC_ARC = YES;
				CLANG_ENABLE_OBJC_WEAK = YES;
				CLANG_WARN_BLOCK_CAPTURE_AUTORELEASING = YES;
				CLANG_WARN_BOOL_CONVERSION = YES;
				CLANG_WARN_COMMA = YES;
				CLANG_WARN_CONSTANT_CONVERSION = YES;
				CLANG_WARN_DEPRECATED_OBJC_IMPLEMENTATIONS = YES;
				CLANG_WARN_DIRECT_OBJC_ISA_USAGE = YES_ERROR;
				CLANG_WARN_DOCUMENTATION_COMMENTS = YES;
				CLANG_WARN_EMPTY_BODY = YES;
				CLANG_WARN_ENUM_CONVERSION = YES;
				CLANG_WARN_INFINITE_RECURSION = YES;
				CLANG_WARN_INT_CONVERSION = YES;
				CLANG_WARN_NON_LITERAL_NULL_CONVERSION = YES;
				CLANG_WARN_OBJC_IMPLICIT_RETAIN_SELF = YES;
				CLANG_WARN_OBJC_LITERAL_CONVERSION = YES;
				CLANG_WARN_OBJC_ROOT_CLASS = YES_ERROR;
				CLANG_WARN_RANGE_LOOP_ANALYSIS = YES;
				CLANG_WARN_STRICT_PROTOTYPES = YES;
				CLANG_WARN_SUSPICIOUS_MOVE = YES;
				CLANG_WARN_UNGUARDED_AVAILABILITY = YES_AGGRESSIVE;
				CLANG_WARN_UNREACHABLE_CODE = YES;
				CLANG_WARN__DUPLICATE_METHOD_MATCH = YES;
				CODE_SIGN_IDENTITY = "iPhone Developer";
				COPY_PHASE_STRIP = NO;
				DEBUG_INFORMATION_FORMAT = "dwarf-with-dsym";
				ENABLE_NS_ASSERTIONS = NO;
				ENABLE_STRICT_OBJC_MSGSEND = YES;
				GCC_C_LANGUAGE_STANDARD = gnu11;
				GCC_NO_COMMON_BLOCKS = YES;
				GCC_WARN_64_TO_32_BIT_CONVERSION = YES;
				GCC_WARN_ABOUT_RETURN_TYPE = YES_ERROR;
				GCC_WARN_UNDECLARED_SELECTOR = YES;
				GCC_WARN_UNINITIALIZED_AUTOS = YES_AGGRESSIVE;
				GCC_WARN_UNUSED_FUNCTION = YES;
				GCC_WARN_UNUSED_VARIABLE = YES;
				IPHONEOS_DEPLOYMENT_TARGET = 12.2;
				MTL_ENABLE_DEBUG_INFO = NO;
				MTL_FAST_MATH = YES;
				SDKROOT = iphoneos;
				SWIFT_COMPILATION_MODE = wholemodule;
				SWIFT_OBJC_BRIDGING_HEADER = "";
				SWIFT_OPTIMIZATION_LEVEL = "-O";
				VALIDATE_PRODUCT = YES;
			};
			name = Release;
		};
		461870A522938A9F008A2CD7 /* Debug */ = {
			isa = XCBuildConfiguration;
			baseConfigurationReference = 0D2BCE272480A7F77D679D3D /* Pods-StreamTest.debug.xcconfig */;
			buildSettings = {
				ASSETCATALOG_COMPILER_APPICON_NAME = AppIcon;
				CODE_SIGN_STYLE = Automatic;
				DEVELOPMENT_TEAM = W7764ZQNWC;
				INFOPLIST_FILE = StreamTest/Info.plist;
				LD_RUNPATH_SEARCH_PATHS = (
					"$(inherited)",
					"@executable_path/Frameworks",
				);
				PRODUCT_BUNDLE_IDENTIFIER = com.huerdo.StreamTest;
				PRODUCT_NAME = "$(TARGET_NAME)";
				SWIFT_VERSION = 5.0;
				TARGETED_DEVICE_FAMILY = "1,2";
			};
			name = Debug;
		};
		461870A622938A9F008A2CD7 /* Release */ = {
			isa = XCBuildConfiguration;
			baseConfigurationReference = FEC35FA1CA54596746EE68FD /* Pods-StreamTest.release.xcconfig */;
			buildSettings = {
				ASSETCATALOG_COMPILER_APPICON_NAME = AppIcon;
				CODE_SIGN_STYLE = Automatic;
				DEVELOPMENT_TEAM = W7764ZQNWC;
				INFOPLIST_FILE = StreamTest/Info.plist;
				LD_RUNPATH_SEARCH_PATHS = (
					"$(inherited)",
					"@executable_path/Frameworks",
				);
				PRODUCT_BUNDLE_IDENTIFIER = com.huerdo.StreamTest;
				PRODUCT_NAME = "$(TARGET_NAME)";
				SWIFT_VERSION = 5.0;
				TARGETED_DEVICE_FAMILY = "1,2";
			};
			name = Release;
		};
/* End XCBuildConfiguration section */

/* Begin XCConfigurationList section */
		4618708D22938A9E008A2CD7 /* Build configuration list for PBXProject "StreamTest" */ = {
			isa = XCConfigurationList;
			buildConfigurations = (
				461870A222938A9F008A2CD7 /* Debug */,
				461870A322938A9F008A2CD7 /* Release */,
			);
			defaultConfigurationIsVisible = 0;
			defaultConfigurationName = Release;
		};
		461870A422938A9F008A2CD7 /* Build configuration list for PBXNativeTarget "StreamTest" */ = {
			isa = XCConfigurationList;
			buildConfigurations = (
				461870A522938A9F008A2CD7 /* Debug */,
				461870A622938A9F008A2CD7 /* Release */,
			);
			defaultConfigurationIsVisible = 0;
			defaultConfigurationName = Release;
		};
/* End XCConfigurationList section */
	};
	rootObject = 4618708A22938A9E008A2CD7 /* Project object */;
}
